
Microsoft Visual Studio Solution File, Format Version 12.00
# Visual Studio 15
VisualStudioVersion = 15.0.28307.329
MinimumVisualStudioVersion = 10.0.40219.1
Project("{FAE04EC0-301F-11D3-BF4B-00C04F79EFBC}") = "Task 1", "Task 1\Task 1.csproj", "{85F9F749-D897-40E6-AF9A-18F6757DCE9C}"
EndProject
Global
	GlobalSection(SolutionConfigurationPlatforms) = preSolution
		Debug|Any CPU = Debug|Any CPU
		Release|Any CPU = Release|Any CPU
	EndGlobalSection
	GlobalSection(ProjectConfigurationPlatforms) = postSolution
		{85F9F749-D897-40E6-AF9A-18F6757DCE9C}.Debug|Any CPU.ActiveCfg = Debug|Any CPU
		{85F9F749-D897-40E6-AF9A-18F6757DCE9C}.Debug|Any CPU.Build.0 = Debug|Any CPU
		{85F9F749-D897-40E6-AF9A-18F6757DCE9C}.Release|Any CPU.ActiveCfg = Release|Any CPU
		{85F9F749-D897-40E6-AF9A-18F6757DCE9C}.Release|Any CPU.Build.0 = Release|Any CPU
	EndGlobalSection
	GlobalSection(SolutionProperties) = preSolution
		HideSolutionNode = FALSE
	EndGlobalSection
	GlobalSection(ExtensibilityGlobals) = postSolution
		SolutionGuid = {399CE94F-7240-40E9-93C6-CFE0A5918BEC}
	EndGlobalSection
EndGlobal
